
Microsoft Visual Studio Solution File, Format Version 12.00
# Visual Studio Version 16
VisualStudioVersion = 16.0.30225.117
MinimumVisualStudioVersion = 10.0.40219.1
Project("{FAE04EC0-301F-11D3-BF4B-00C04F79EFBC}") = "BranchingAndDatabasePractice", "BranchingAndDatabasePractice\BranchingAndDatabasePractice.csproj", "{33D3976B-1B7F-44A7-B5B0-91B45D6CEB6C}"
EndProject
Project("{00D1A9C2-B5F0-4AF3-8072-F6C62B433612}") = "EquipmentDb", "EquipmentDb\EquipmentDb.sqlproj", "{20D1F750-9EBB-422D-B516-5B74EABE88A8}"
EndProject
Global
	GlobalSection(SolutionConfigurationPlatforms) = preSolution
		Debug|Any CPU = Debug|Any CPU
		Release|Any CPU = Release|Any CPU
	EndGlobalSection
	GlobalSection(ProjectConfigurationPlatforms) = postSolution
		{33D3976B-1B7F-44A7-B5B0-91B45D6CEB6C}.Debug|Any CPU.ActiveCfg = Debug|Any CPU
		{33D3976B-1B7F-44A7-B5B0-91B45D6CEB6C}.Debug|Any CPU.Build.0 = Debug|Any CPU
		{33D3976B-1B7F-44A7-B5B0-91B45D6CEB6C}.Release|Any CPU.ActiveCfg = Release|Any CPU
		{33D3976B-1B7F-44A7-B5B0-91B45D6CEB6C}.Release|Any CPU.Build.0 = Release|Any CPU
		{20D1F750-9EBB-422D-B516-5B74EABE88A8}.Debug|Any CPU.ActiveCfg = Debug|Any CPU
		{20D1F750-9EBB-422D-B516-5B74EABE88A8}.Debug|Any CPU.Build.0 = Debug|Any CPU
		{20D1F750-9EBB-422D-B516-5B74EABE88A8}.Debug|Any CPU.Deploy.0 = Debug|Any CPU
		{20D1F750-9EBB-422D-B516-5B74EABE88A8}.Release|Any CPU.ActiveCfg = Release|Any CPU
		{20D1F750-9EBB-422D-B516-5B74EABE88A8}.Release|Any CPU.Build.0 = Release|Any CPU
		{20D1F750-9EBB-422D-B516-5B74EABE88A8}.Release|Any CPU.Deploy.0 = Release|Any CPU
	EndGlobalSection
	GlobalSection(SolutionProperties) = preSolution
		HideSolutionNode = FALSE
	EndGlobalSection
	GlobalSection(ExtensibilityGlobals) = postSolution
		SolutionGuid = {44D9FC8D-AE30-49D2-8D57-E644E01DB114}
	EndGlobalSection
EndGlobal
